
Microsoft Visual Studio Solution File, Format Version 12.00
# Visual Studio 15
VisualStudioVersion = 15.0.27130.2036
MinimumVisualStudioVersion = 10.0.40219.1
Project("{FAE04EC0-301F-11D3-BF4B-00C04F79EFBC}") = "KeepAlive", "KeepAlive\KeepAlive.csproj", "{BA5A389A-29A9-46AF-95EB-BF6289FFC762}"
EndProject
Project("{FAE04EC0-301F-11D3-BF4B-00C04F79EFBC}") = "KeepAlive.Tests", "KeepAlive.Tests\KeepAlive.Tests.csproj", "{E2A1B1EC-3A1C-4AB4-954E-D66C8167AEA9}"
EndProject
Project("{FAE04EC0-301F-11D3-BF4B-00C04F79EFBC}") = "KeepAlive.Data", "KeepAlive.Data\KeepAlive.Data.csproj", "{EE8DFF6A-5848-4A9E-9C54-040700A4C5D3}"
EndProject
Project("{FAE04EC0-301F-11D3-BF4B-00C04F79EFBC}") = "KeepAlive.Services", "KeepAlive.Services\KeepAlive.Services.csproj", "{CC1612E1-C1A0-468A-B4DA-6D6595AF9603}"
EndProject
Project("{FAE04EC0-301F-11D3-BF4B-00C04F79EFBC}") = "KeepAlive.Identity", "KeepAlive.Identity\KeepAlive.Identity.csproj", "{2A3702D7-708E-4E8A-87A8-C5812F1038DD}"
EndProject
Project("{FAE04EC0-301F-11D3-BF4B-00C04F79EFBC}") = "KeepAlive.Web", "KeepAlive.Web\KeepAlive.Web.csproj", "{8E802CA2-866F-4A2B-A27B-5A37F89323A0}"
EndProject
Project("{FAE04EC0-301F-11D3-BF4B-00C04F79EFBC}") = "KeepAlive.Core", "KeepAlive.Core\KeepAlive.Core.csproj", "{4D986F5F-DA1F-49EE-BE83-BCD759EA914E}"
EndProject
Project("{FAE04EC0-301F-11D3-BF4B-00C04F79EFBC}") = "KeepAlive.I18n", "KeepAlive.I18n\KeepAlive.I18n.csproj", "{0F7AAAEE-F7D0-48B2-8BF3-8C45F90FC3F2}"
EndProject
Global
	GlobalSection(SolutionConfigurationPlatforms) = preSolution
		Debug|Any CPU = Debug|Any CPU
		Release|Any CPU = Release|Any CPU
	EndGlobalSection
	GlobalSection(ProjectConfigurationPlatforms) = postSolution
		{BA5A389A-29A9-46AF-95EB-BF6289FFC762}.Debug|Any CPU.ActiveCfg = Debug|Any CPU
		{BA5A389A-29A9-46AF-95EB-BF6289FFC762}.Debug|Any CPU.Build.0 = Debug|Any CPU
		{BA5A389A-29A9-46AF-95EB-BF6289FFC762}.Release|Any CPU.ActiveCfg = Release|Any CPU
		{BA5A389A-29A9-46AF-95EB-BF6289FFC762}.Release|Any CPU.Build.0 = Release|Any CPU
		{E2A1B1EC-3A1C-4AB4-954E-D66C8167AEA9}.Debug|Any CPU.ActiveCfg = Debug|Any CPU
		{E2A1B1EC-3A1C-4AB4-954E-D66C8167AEA9}.Debug|Any CPU.Build.0 = Debug|Any CPU
		{E2A1B1EC-3A1C-4AB4-954E-D66C8167AEA9}.Release|Any CPU.ActiveCfg = Release|Any CPU
		{E2A1B1EC-3A1C-4AB4-954E-D66C8167AEA9}.Release|Any CPU.Build.0 = Release|Any CPU
		{EE8DFF6A-5848-4A9E-9C54-040700A4C5D3}.Debug|Any CPU.ActiveCfg = Debug|Any CPU
		{EE8DFF6A-5848-4A9E-9C54-040700A4C5D3}.Debug|Any CPU.Build.0 = Debug|Any CPU
		{EE8DFF6A-5848-4A9E-9C54-040700A4C5D3}.Release|Any CPU.ActiveCfg = Release|Any CPU
		{EE8DFF6A-5848-4A9E-9C54-040700A4C5D3}.Release|Any CPU.Build.0 = Release|Any CPU
		{CC1612E1-C1A0-468A-B4DA-6D6595AF9603}.Debug|Any CPU.ActiveCfg = Debug|Any CPU
		{CC1612E1-C1A0-468A-B4DA-6D6595AF9603}.Debug|Any CPU.Build.0 = Debug|Any CPU
		{CC1612E1-C1A0-468A-B4DA-6D6595AF9603}.Release|Any CPU.ActiveCfg = Release|Any CPU
		{CC1612E1-C1A0-468A-B4DA-6D6595AF9603}.Release|Any CPU.Build.0 = Release|Any CPU
		{2A3702D7-708E-4E8A-87A8-C5812F1038DD}.Debug|Any CPU.ActiveCfg = Debug|Any CPU
		{2A3702D7-708E-4E8A-87A8-C5812F1038DD}.Debug|Any CPU.Build.0 = Debug|Any CPU
		{2A3702D7-708E-4E8A-87A8-C5812F1038DD}.Release|Any CPU.ActiveCfg = Release|Any CPU
		{2A3702D7-708E-4E8A-87A8-C5812F1038DD}.Release|Any CPU.Build.0 = Release|Any CPU
		{8E802CA2-866F-4A2B-A27B-5A37F89323A0}.Debug|Any CPU.ActiveCfg = Debug|Any CPU
		{8E802CA2-866F-4A2B-A27B-5A37F89323A0}.Debug|Any CPU.Build.0 = Debug|Any CPU
		{8E802CA2-866F-4A2B-A27B-5A37F89323A0}.Release|Any CPU.ActiveCfg = Release|Any CPU
		{8E802CA2-866F-4A2B-A27B-5A37F89323A0}.Release|Any CPU.Build.0 = Release|Any CPU
		{4D986F5F-DA1F-49EE-BE83-BCD759EA914E}.Debug|Any CPU.ActiveCfg = Debug|Any CPU
		{4D986F5F-DA1F-49EE-BE83-BCD759EA914E}.Debug|Any CPU.Build.0 = Debug|Any CPU
		{4D986F5F-DA1F-49EE-BE83-BCD759EA914E}.Release|Any CPU.ActiveCfg = Release|Any CPU
		{4D986F5F-DA1F-49EE-BE83-BCD759EA914E}.Release|Any CPU.Build.0 = Release|Any CPU
		{0F7AAAEE-F7D0-48B2-8BF3-8C45F90FC3F2}.Debug|Any CPU.ActiveCfg = Debug|Any CPU
		{0F7AAAEE-F7D0-48B2-8BF3-8C45F90FC3F2}.Debug|Any CPU.Build.0 = Debug|Any CPU
		{0F7AAAEE-F7D0-48B2-8BF3-8C45F90FC3F2}.Release|Any CPU.ActiveCfg = Release|Any CPU
		{0F7AAAEE-F7D0-48B2-8BF3-8C45F90FC3F2}.Release|Any CPU.Build.0 = Release|Any CPU
	EndGlobalSection
	GlobalSection(SolutionProperties) = preSolution
		HideSolutionNode = FALSE
	EndGlobalSection
	GlobalSection(ExtensibilityGlobals) = postSolution
		EnterpriseLibraryConfigurationToolBinariesPathV6 = packages\EnterpriseLibrary.Common.6.0.1304.0\lib\NET45;packages\EnterpriseLibrary.Data.6.0.1304.0\lib\NET45
		SolutionGuid = {6F0B07A4-0376-4B7F-9285-598B24648FDE}
	EndGlobalSection
EndGlobal
